
Microsoft Visual Studio Solution File, Format Version 11.00
# Visual Studio 2010
Project("{FAE04EC0-301F-11D3-BF4B-00C04F79EFBC}") = "Assembly-CSharp", "Assembly-CSharp.csproj", "{49eb70cd-14ba-b2a7-6d36-cd648f266611}"
EndProject
Project("{FAE04EC0-301F-11D3-BF4B-00C04F79EFBC}") = "Assembly-CSharp-Editor", "Assembly-CSharp-Editor.csproj", "{ac0cbc59-c300-3bc0-ee25-d351cd2f7e6b}"
EndProject
Global
	GlobalSection(SolutionConfigurationPlatforms) = preSolution
		Debug|Any CPU = Debug|Any CPU
	EndGlobalSection
	GlobalSection(ProjectConfigurationPlatforms) = postSolution
		{49eb70cd-14ba-b2a7-6d36-cd648f266611}.Debug|Any CPU.ActiveCfg = Debug|Any CPU
		{49eb70cd-14ba-b2a7-6d36-cd648f266611}.Debug|Any CPU.Build.0 = Debug|Any CPU
		{ac0cbc59-c300-3bc0-ee25-d351cd2f7e6b}.Debug|Any CPU.ActiveCfg = Debug|Any CPU
		{ac0cbc59-c300-3bc0-ee25-d351cd2f7e6b}.Debug|Any CPU.Build.0 = Debug|Any CPU
	EndGlobalSection
	GlobalSection(SolutionProperties) = preSolution
		HideSolutionNode = FALSE
	EndGlobalSection
EndGlobal
